// !$*UTF8*$!
{
	archiveVersion = 1;
	classes = {
	};
	objectVersion = 50;
	objects = {

/* Begin PBXBuildFile section */
		4DBFC0C426E0AEDB00EA5922 /* AppDelegate.swift in Sources */ = {isa = PBXBuildFile; fileRef = 4DBFC0C326E0AEDB00EA5922 /* AppDelegate.swift */; };
		4DBFC0C626E0AEDB00EA5922 /* art.scnassets in Resources */ = {isa = PBXBuildFile; fileRef = 4DBFC0C526E0AEDB00EA5922 /* art.scnassets */; };
		4DBFC0C826E0AEDB00EA5922 /* ViewController.swift in Sources */ = {isa = PBXBuildFile; fileRef = 4DBFC0C726E0AEDB00EA5922 /* ViewController.swift */; };
		4DBFC0CB26E0AEDB00EA5922 /* Main.storyboard in Resources */ = {isa = PBXBuildFile; fileRef = 4DBFC0C926E0AEDB00EA5922 /* Main.storyboard */; };
		4DBFC0CD26E0AEDC00EA5922 /* Assets.xcassets in Resources */ = {isa = PBXBuildFile; fileRef = 4DBFC0CC26E0AEDC00EA5922 /* Assets.xcassets */; };
		4DBFC0D026E0AEDC00EA5922 /* LaunchScreen.storyboard in Resources */ = {isa = PBXBuildFile; fileRef = 4DBFC0CE26E0AEDC00EA5922 /* LaunchScreen.storyboard */; };
		4DD591D326E0C9B000B680C5 /* egg.scn in Resources */ = {isa = PBXBuildFile; fileRef = 4DD591D226E0C9B000B680C5 /* egg.scn */; };
/* End PBXBuildFile section */

/* Begin PBXFileReference section */
		4DBFC0C026E0AEDB00EA5922 /* ARShooter.app */ = {isa = PBXFileReference; explicitFileType = wrapper.application; includeInIndex = 0; path = ARShooter.app; sourceTree = BUILT_PRODUCTS_DIR; };
		4DBFC0C326E0AEDB00EA5922 /* AppDelegate.swift */ = {isa = PBXFileReference; lastKnownFileType = sourcecode.swift; path = AppDelegate.swift; sourceTree = "<group>"; };
		4DBFC0C526E0AEDB00EA5922 /* art.scnassets */ = {isa = PBXFileReference; lastKnownFileType = wrapper.scnassets; path = art.scnassets; sourceTree = "<group>"; };
		4DBFC0C726E0AEDB00EA5922 /* ViewController.swift */ = {isa = PBXFileReference; lastKnownFileType = sourcecode.swift; path = ViewController.swift; sourceTree = "<group>"; };
		4DBFC0CA26E0AEDB00EA5922 /* Base */ = {isa = PBXFileReference; lastKnownFileType = file.storyboard; name = Base; path = Base.lproj/Main.storyboard; sourceTree = "<group>"; };
		4DBFC0CC26E0AEDC00EA5922 /* Assets.xcassets */ = {isa = PBXFileReference; lastKnownFileType = folder.assetcatalog; path = Assets.xcassets; sourceTree = "<group>"; };
		4DBFC0CF26E0AEDC00EA5922 /* Base */ = {isa = PBXFileReference; lastKnownFileType = file.storyboard; name = Base; path = Base.lproj/LaunchScreen.storyboard; sourceTree = "<group>"; };
		4DBFC0D126E0AEDC00EA5922 /* Info.plist */ = {isa = PBXFileReference; lastKnownFileType = text.plist.xml; path = Info.plist; sourceTree = "<group>"; };
		4DD591D226E0C9B000B680C5 /* egg.scn */ = {isa = PBXFileReference; lastKnownFileType = file.bplist; path = egg.scn; sourceTree = "<group>"; };
/* End PBXFileReference section */

/* Begin PBXFrameworksBuildPhase section */
		4DBFC0BD26E0AEDA00EA5922 /* Frameworks */ = {
			isa = PBXFrameworksBuildPhase;
			buildActionMask = 2147483647;
			files = (
			);
			runOnlyForDeploymentPostprocessing = 0;
		};
/* End PBXFrameworksBuildPhase section */

/* Begin PBXGroup section */
		4DBFC0B726E0AEDA00EA5922 = {
			isa = PBXGroup;
			children = (
				4DBFC0C226E0AEDB00EA5922 /* ARShooter */,
				4DBFC0C126E0AEDB00EA5922 /* Products */,
			);
			sourceTree = "<group>";
		};
		4DBFC0C126E0AEDB00EA5922 /* Products */ = {
			isa = PBXGroup;
			children = (
				4DBFC0C026E0AEDB00EA5922 /* ARShooter.app */,
			);
			name = Products;
			sourceTree = "<group>";
		};
		4DBFC0C226E0AEDB00EA5922 /* ARShooter */ = {
			isa = PBXGroup;
			children = (
				4DBFC0C326E0AEDB00EA5922 /* AppDelegate.swift */,
				4DD591D226E0C9B000B680C5 /* egg.scn */,
				4DBFC0C526E0AEDB00EA5922 /* art.scnassets */,
				4DBFC0C726E0AEDB00EA5922 /* ViewController.swift */,
				4DBFC0C926E0AEDB00EA5922 /* Main.storyboard */,
				4DBFC0CC26E0AEDC00EA5922 /* Assets.xcassets */,
				4DBFC0CE26E0AEDC00EA5922 /* LaunchScreen.storyboard */,
				4DBFC0D126E0AEDC00EA5922 /* Info.plist */,
			);
			path = ARShooter;
			sourceTree = "<group>";
		};
/* End PBXGroup section */

/* Begin PBXNativeTarget section */
		4DBFC0BF26E0AEDA00EA5922 /* ARShooter */ = {
			isa = PBXNativeTarget;
			buildConfigurationList = 4DBFC0D426E0AEDC00EA5922 /* Build configuration list for PBXNativeTarget "ARShooter" */;
			buildPhases = (
				4DBFC0BC26E0AEDA00EA5922 /* Sources */,
				4DBFC0BD26E0AEDA00EA5922 /* Frameworks */,
				4DBFC0BE26E0AEDA00EA5922 /* Resources */,
			);
			buildRules = (
			);
			dependencies = (
			);
			name = ARShooter;
			productName = ARShooter;
			productReference = 4DBFC0C026E0AEDB00EA5922 /* ARShooter.app */;
			productType = "com.apple.product-type.application";
		};
/* End PBXNativeTarget section */

/* Begin PBXProject section */
		4DBFC0B826E0AEDA00EA5922 /* Project object */ = {
			isa = PBXProject;
			attributes = {
				LastSwiftUpdateCheck = 1250;
				LastUpgradeCheck = 1250;
				TargetAttributes = {
					4DBFC0BF26E0AEDA00EA5922 = {
						CreatedOnToolsVersion = 12.5;
					};
				};
			};
			buildConfigurationList = 4DBFC0BB26E0AEDA00EA5922 /* Build configuration list for PBXProject "ARShooter" */;
			compatibilityVersion = "Xcode 9.3";
			developmentRegion = en;
			hasScannedForEncodings = 0;
			knownRegions = (
				en,
				Base,
			);
			mainGroup = 4DBFC0B726E0AEDA00EA5922;
			productRefGroup = 4DBFC0C126E0AEDB00EA5922 /* Products */;
			projectDirPath = "";
			projectRoot = "";
			targets = (
				4DBFC0BF26E0AEDA00EA5922 /* ARShooter */,
			);
		};
/* End PBXProject section */

/* Begin PBXResourcesBuildPhase section */
		4DBFC0BE26E0AEDA00EA5922 /* Resources */ = {
			isa = PBXResourcesBuildPhase;
			buildActionMask = 2147483647;
			files = (
				4DD591D326E0C9B000B680C5 /* egg.scn in Resources */,
				4DBFC0C626E0AEDB00EA5922 /* art.scnassets in Resources */,
				4DBFC0D026E0AEDC00EA5922 /* LaunchScreen.storyboard in Resources */,
				4DBFC0CD26E0AEDC00EA5922 /* Assets.xcassets in Resources */,
				4DBFC0CB26E0AEDB00EA5922 /* Main.storyboard in Resources */,
			);
			runOnlyForDeploymentPostprocessing = 0;
		};
/* End PBXResourcesBuildPhase section */

/* Begin PBXSourcesBuildPhase section */
		4DBFC0BC26E0AEDA00EA5922 /* Sources */ = {
			isa = PBXSourcesBuildPhase;
			buildActionMask = 2147483647;
			files = (
				4DBFC0C826E0AEDB00EA5922 /* ViewController.swift in Sources */,
				4DBFC0C426E0AEDB00EA5922 /* AppDelegate.swift in Sources */,
			);
			runOnlyForDeploymentPostprocessing = 0;
		};
/* End PBXSourcesBuildPhase section */

/* Begin PBXVariantGroup section */
		4DBFC0C926E0AEDB00EA5922 /* Main.storyboard */ = {
			isa = PBXVariantGroup;
			children = (
				4DBFC0CA26E0AEDB00EA5922 /* Base */,
			);
			name = Main.storyboard;
			sourceTree = "<group>";
		};
		4DBFC0CE26E0AEDC00EA5922 /* LaunchScreen.storyboard */ = {
			isa = PBXVariantGroup;
			children = (
				4DBFC0CF26E0AEDC00EA5922 /* Base */,
			);
			name = LaunchScreen.storyboard;
			sourceTree = "<group>";
		};
/* End PBXVariantGroup section */

/* Begin XCBuildConfiguration section */
		4DBFC0D226E0AEDC00EA5922 /* Debug */ = {
			isa = XCBuildConfiguration;
			buildSettings = {
				ALWAYS_SEARCH_USER_PATHS = NO;
				CLANG_ANALYZER_NONNULL = YES;
				CLANG_ANALYZER_NUMBER_OBJECT_CONVERSION = YES_AGGRESSIVE;
				CLANG_CXX_LANGUAGE_STANDARD = "gnu++14";
				CLANG_CXX_LIBRARY = "libc++";
				CLANG_ENABLE_MODULES = YES;
				CLANG_ENABLE_OBJC_ARC = YES;
				CLANG_ENABLE_OBJC_WEAK = YES;
				CLANG_WARN_BLOCK_CAPTURE_AUTORELEASING = YES;
				CLANG_WARN_BOOL_CONVERSION = YES;
				CLANG_WARN_COMMA = YES;
				CLANG_WARN_CONSTANT_CONVERSION = YES;
				CLANG_WARN_DEPRECATED_OBJC_IMPLEMENTATIONS = YES;
				CLANG_WARN_DIRECT_OBJC_ISA_USAGE = YES_ERROR;
				CLANG_WARN_DOCUMENTATION_COMMENTS = YES;
				CLANG_WARN_EMPTY_BODY = YES;
				CLANG_WARN_ENUM_CONVERSION = YES;
				CLANG_WARN_INFINITE_RECURSION = YES;
				CLANG_WARN_INT_CONVERSION = YES;
				CLANG_WARN_NON_LITERAL_NULL_CONVERSION = YES;
				CLANG_WARN_OBJC_IMPLICIT_RETAIN_SELF = YES;
				CLANG_WARN_OBJC_LITERAL_CONVERSION = YES;
				CLANG_WARN_OBJC_ROOT_CLASS = YES_ERROR;
				CLANG_WARN_QUOTED_INCLUDE_IN_FRAMEWORK_HEADER = YES;
				CLANG_WARN_RANGE_LOOP_ANALYSIS = YES;
				CLANG_WARN_STRICT_PROTOTYPES = YES;
				CLANG_WARN_SUSPICIOUS_MOVE = YES;
				CLANG_WARN_UNGUARDED_AVAILABILITY = YES_AGGRESSIVE;
				CLANG_WARN_UNREACHABLE_CODE = YES;
				CLANG_WARN__DUPLICATE_METHOD_MATCH = YES;
				COPY_PHASE_STRIP = NO;
				DEBUG_INFORMATION_FORMAT = dwarf;
				ENABLE_STRICT_OBJC_MSGSEND = YES;
				ENABLE_TESTABILITY = YES;
				GCC_C_LANGUAGE_STANDARD = gnu11;
				GCC_DYNAMIC_NO_PIC = NO;
				GCC_NO_COMMON_BLOCKS = YES;
				GCC_OPTIMIZATION_LEVEL = 0;
				GCC_PREPROCESSOR_DEFINITIONS = (
					"DEBUG=1",
					"$(inherited)",
				);
				GCC_WARN_64_TO_32_BIT_CONVERSION = YES;
				GCC_WARN_ABOUT_RETURN_TYPE = YES_ERROR;
				GCC_WARN_UNDECLARED_SELECTOR = YES;
				GCC_WARN_UNINITIALIZED_AUTOS = YES_AGGRESSIVE;
				GCC_WARN_UNUSED_FUNCTION = YES;
				GCC_WARN_UNUSED_VARIABLE = YES;
				IPHONEOS_DEPLOYMENT_TARGET = 14.5;
				MTL_ENABLE_DEBUG_INFO = INCLUDE_SOURCE;
				MTL_FAST_MATH = YES;
				ONLY_ACTIVE_ARCH = YES;
				SDKROOT = iphoneos;
				SWIFT_ACTIVE_COMPILATION_CONDITIONS = DEBUG;
				SWIFT_OPTIMIZATION_LEVEL = "-Onone";
			};
			name = Debug;
		};
		4DBFC0D326E0AEDC00EA5922 /* Release */ = {
			isa = XCBuildConfiguration;
			buildSettings = {
				ALWAYS_SEARCH_USER_PATHS = NO;
				CLANG_ANALYZER_NONNULL = YES;
				CLANG_ANALYZER_NUMBER_OBJECT_CONVERSION = YES_AGGRESSIVE;
				CLANG_CXX_LANGUAGE_STANDARD = "gnu++14";
				CLANG_CXX_LIBRARY = "libc++";
				CLANG_ENABLE_MODULES = YES;
				CLANG_ENABLE_OBJC_ARC = YES;
				CLANG_ENABLE_OBJC_WEAK = YES;
				CLANG_WARN_BLOCK_CAPTURE_AUTORELEASING = YES;
				CLANG_WARN_BOOL_CONVERSION = YES;
				CLANG_WARN_COMMA = YES;
				CLANG_WARN_CONSTANT_CONVERSION = YES;
				CLANG_WARN_DEPRECATED_OBJC_IMPLEMENTATIONS = YES;
				CLANG_WARN_DIRECT_OBJC_ISA_USAGE = YES_ERROR;
				CLANG_WARN_DOCUMENTATION_COMMENTS = YES;
				CLANG_WARN_EMPTY_BODY = YES;
				CLANG_WARN_ENUM_CONVERSION = YES;
				CLANG_WARN_INFINITE_RECURSION = YES;
				CLANG_WARN_INT_CONVERSION = YES;
				CLANG_WARN_NON_LITERAL_NULL_CONVERSION = YES;
				CLANG_WARN_OBJC_IMPLICIT_RETAIN_SELF = YES;
				CLANG_WARN_OBJC_LITERAL_CONVERSION = YES;
				CLANG_WARN_OBJC_ROOT_CLASS = YES_ERROR;
				CLANG_WARN_QUOTED_INCLUDE_IN_FRAMEWORK_HEADER = YES;
				CLANG_WARN_RANGE_LOOP_ANALYSIS = YES;
				CLANG_WARN_STRICT_PROTOTYPES = YES;
				CLANG_WARN_SUSPICIOUS_MOVE = YES;
				CLANG_WARN_UNGUARDED_AVAILABILITY = YES_AGGRESSIVE;
				CLANG_WARN_UNREACHABLE_CODE = YES;
				CLANG_WARN__DUPLICATE_METHOD_MATCH = YES;
				COPY_PHASE_STRIP = NO;
				DEBUG_INFORMATION_FORMAT = "dwarf-with-dsym";
				ENABLE_NS_ASSERTIONS = NO;
				ENABLE_STRICT_OBJC_MSGSEND = YES;
				GCC_C_LANGUAGE_STANDARD = gnu11;
				GCC_NO_COMMON_BLOCKS = YES;
				GCC_WARN_64_TO_32_BIT_CONVERSION = YES;
				GCC_WARN_ABOUT_RETURN_TYPE = YES_ERROR;
				GCC_WARN_UNDECLARED_SELECTOR = YES;
				GCC_WARN_UNINITIALIZED_AUTOS = YES_AGGRESSIVE;
				GCC_WARN_UNUSED_FUNCTION = YES;
				GCC_WARN_UNUSED_VARIABLE = YES;
				IPHONEOS_DEPLOYMENT_TARGET = 14.5;
				MTL_ENABLE_DEBUG_INFO = NO;
				MTL_FAST_MATH = YES;
				SDKROOT = iphoneos;
				SWIFT_COMPILATION_MODE = wholemodule;
				SWIFT_OPTIMIZATION_LEVEL = "-O";
				VALIDATE_PRODUCT = YES;
			};
			name = Release;
		};
		4DBFC0D526E0AEDC00EA5922 /* Debug */ = {
			isa = XCBuildConfiguration;
			buildSettings = {
				ASSETCATALOG_COMPILER_APPICON_NAME = AppIcon;
				ASSETCATALOG_COMPILER_GLOBAL_ACCENT_COLOR_NAME = AccentColor;
				CODE_SIGN_STYLE = Automatic;
				DEVELOPMENT_TEAM = LAA69LK8PF;
				INFOPLIST_FILE = ARShooter/Info.plist;
				IPHONEOS_DEPLOYMENT_TARGET = 13.0;
				LD_RUNPATH_SEARCH_PATHS = (
					"$(inherited)",
					"@executable_path/Frameworks",
				);
				PRODUCT_BUNDLE_IDENTIFIER = MarkoJovanov.ARShooter;
				PRODUCT_NAME = "$(TARGET_NAME)";
				SWIFT_VERSION = 5.0;
				TARGETED_DEVICE_FAMILY = "1,2";
			};
			name = Debug;
		};
		4DBFC0D626E0AEDC00EA5922 /* Release */ = {
			isa = XCBuildConfiguration;
			buildSettings = {
				ASSETCATALOG_COMPILER_APPICON_NAME = AppIcon;
				ASSETCATALOG_COMPILER_GLOBAL_ACCENT_COLOR_NAME = AccentColor;
				CODE_SIGN_STYLE = Automatic;
				DEVELOPMENT_TEAM = LAA69LK8PF;
				INFOPLIST_FILE = ARShooter/Info.plist;
				IPHONEOS_DEPLOYMENT_TARGET = 13.0;
				LD_RUNPATH_SEARCH_PATHS = (
					"$(inherited)",
					"@executable_path/Frameworks",
				);
				PRODUCT_BUNDLE_IDENTIFIER = MarkoJovanov.ARShooter;
				PRODUCT_NAME = "$(TARGET_NAME)";
				SWIFT_VERSION = 5.0;
				TARGETED_DEVICE_FAMILY = "1,2";
			};
			name = Release;
		};
/* End XCBuildConfiguration section */

/* Begin XCConfigurationList section */
		4DBFC0BB26E0AEDA00EA5922 /* Build configuration list for PBXProject "ARShooter" */ = {
			isa = XCConfigurationList;
			buildConfigurations = (
				4DBFC0D226E0AEDC00EA5922 /* Debug */,
				4DBFC0D326E0AEDC00EA5922 /* Release */,
			);
			defaultConfigurationIsVisible = 0;
			defaultConfigurationName = Release;
		};
		4DBFC0D426E0AEDC00EA5922 /* Build configuration list for PBXNativeTarget "ARShooter" */ = {
			isa = XCConfigurationList;
			buildConfigurations = (
				4DBFC0D526E0AEDC00EA5922 /* Debug */,
				4DBFC0D626E0AEDC00EA5922 /* Release */,
			);
			defaultConfigurationIsVisible = 0;
			defaultConfigurationName = Release;
		};
/* End XCConfigurationList section */
	};
	rootObject = 4DBFC0B826E0AEDA00EA5922 /* Project object */;
}
